{
  "name": "google-apps-typescript-starter",
  "version": "1.0.0",
  "lockfileVersion": 2,
  "requires": true,
  "packages": {
    "": {
      "name": "google-apps-typescript-starter",
      "version": "1.0.0",
      "license": "ISC",
      "devDependencies": {
        "@types/google-apps-script": "^1.0.58",
        "typescript": "^4.9.5"
      }
    },
    "node_modules/@types/google-apps-script": {
      "version": "1.0.58",
      "resolved": "https://registry.npmjs.org/@types/google-apps-script/-/google-apps-script-1.0.58.tgz",
      "integrity": "sha512-iY7gTAKAb+0htojopUfcG57A9gaOtdWEmuTI1RYgctIInHsOTyNyntcinCLKu8bdTu/qDila05Fu7kw9cEky1A==",
      "dev": true
    },
    "node_modules/typescript": {
      "version": "4.9.5",
      "resolved": "https://registry.npmjs.org/typescript/-/typescript-4.9.5.tgz",
      "integrity": "sha512-1FXk9E2Hm+QzZQ7z+McJiHL4NW1F2EzMu9Nq9i3zAaGqibafqYwCVU6WyWAuyQRRzOlxou8xZSyXLEN8oKj24g==",
      "dev": true,
      "bin": {
        "tsc": "bin/tsc",
        "tsserver": "bin/tsserver"
      },
      "engines": {
        "node": ">=4.2.0"
      }
    }
  },
  "dependencies": {
    "@types/google-apps-script": {
      "version": "1.0.58",
      "resolved": "https://registry.npmjs.org/@types/google-apps-script/-/google-apps-script-1.0.58.tgz",
      "integrity": "sha512-iY7gTAKAb+0htojopUfcG57A9gaOtdWEmuTI1RYgctIInHsOTyNyntcinCLKu8bdTu/qDila05Fu7kw9cEky1A==",
      "dev": true
    },
    "typescript": {
      "version": "4.9.5",
      "resolved": "https://registry.npmjs.org/typescript/-/typescript-4.9.5.tgz",
      "integrity": "sha512-1FXk9E2Hm+QzZQ7z+McJiHL4NW1F2EzMu9Nq9i3zAaGqibafqYwCVU6WyWAuyQRRzOlxou8xZSyXLEN8oKj24g==",
      "dev": true
    }
  }
}
